
Microsoft Visual Studio Solution File, Format Version 12.00
# Visual Studio Version 16
VisualStudioVersion = 16.0.30517.126
MinimumVisualStudioVersion = 10.0.40219.1
Project("{FAE04EC0-301F-11D3-BF4B-00C04F79EFBC}") = "ChuckConsole", "ChuckConsole\ChuckConsole.csproj", "{20B73448-C0F5-4782-B9CD-06102298B7F2}"
EndProject
Project("{FAE04EC0-301F-11D3-BF4B-00C04F79EFBC}") = "ChuckForm", "ChuckForm\ChuckForm.csproj", "{6339E06E-619C-4E32-9EFE-0045F9AFAF0F}"
EndProject
Global
	GlobalSection(SolutionConfigurationPlatforms) = preSolution
		Debug|Any CPU = Debug|Any CPU
		Release|Any CPU = Release|Any CPU
	EndGlobalSection
	GlobalSection(ProjectConfigurationPlatforms) = postSolution
		{20B73448-C0F5-4782-B9CD-06102298B7F2}.Debug|Any CPU.ActiveCfg = Debug|Any CPU
		{20B73448-C0F5-4782-B9CD-06102298B7F2}.Debug|Any CPU.Build.0 = Debug|Any CPU
		{20B73448-C0F5-4782-B9CD-06102298B7F2}.Release|Any CPU.ActiveCfg = Release|Any CPU
		{20B73448-C0F5-4782-B9CD-06102298B7F2}.Release|Any CPU.Build.0 = Release|Any CPU
		{6339E06E-619C-4E32-9EFE-0045F9AFAF0F}.Debug|Any CPU.ActiveCfg = Debug|Any CPU
		{6339E06E-619C-4E32-9EFE-0045F9AFAF0F}.Debug|Any CPU.Build.0 = Debug|Any CPU
		{6339E06E-619C-4E32-9EFE-0045F9AFAF0F}.Release|Any CPU.ActiveCfg = Release|Any CPU
		{6339E06E-619C-4E32-9EFE-0045F9AFAF0F}.Release|Any CPU.Build.0 = Release|Any CPU
	EndGlobalSection
	GlobalSection(SolutionProperties) = preSolution
		HideSolutionNode = FALSE
	EndGlobalSection
	GlobalSection(ExtensibilityGlobals) = postSolution
		SolutionGuid = {CD8F2CAD-7DC9-4E41-95E4-E3939C9FCEB2}
	EndGlobalSection
EndGlobal
